
Microsoft Visual Studio Solution File, Format Version 12.00
# Visual Studio Version 17
VisualStudioVersion = 17.14.36310.24 d17.14
MinimumVisualStudioVersion = 10.0.40219.1
Project("{FAE04EC0-301F-11D3-BF4B-00C04F79EFBC}") = "MvcWebApp1", "MvcWebApp1.csproj", "{FDCE9B73-AB0C-484E-B56C-61907EBF6467}"
EndProject
Global
	GlobalSection(SolutionConfigurationPlatforms) = preSolution
		Debug|Any CPU = Debug|Any CPU
		Release|Any CPU = Release|Any CPU
	EndGlobalSection
	GlobalSection(ProjectConfigurationPlatforms) = postSolution
		{FDCE9B73-AB0C-484E-B56C-61907EBF6467}.Debug|Any CPU.ActiveCfg = Debug|Any CPU
		{FDCE9B73-AB0C-484E-B56C-61907EBF6467}.Debug|Any CPU.Build.0 = Debug|Any CPU
		{FDCE9B73-AB0C-484E-B56C-61907EBF6467}.Release|Any CPU.ActiveCfg = Release|Any CPU
		{FDCE9B73-AB0C-484E-B56C-61907EBF6467}.Release|Any CPU.Build.0 = Release|Any CPU
	EndGlobalSection
	GlobalSection(SolutionProperties) = preSolution
		HideSolutionNode = FALSE
	EndGlobalSection
	GlobalSection(ExtensibilityGlobals) = postSolution
		SolutionGuid = {DCCEC4B7-EC58-4932-909F-98586D3436D1}
	EndGlobalSection
EndGlobal
